
Microsoft Visual Studio Solution File, Format Version 12.00
# Visual Studio Version 17
VisualStudioVersion = 17.0.32002.185
MinimumVisualStudioVersion = 10.0.40219.1
Project("{FAE04EC0-301F-11D3-BF4B-00C04F79EFBC}") = "GPA-grading-system", "GPA-grading-system\GPA-grading-system.csproj", "{575F3520-57EF-4BF5-9307-80C3E33BA483}"
EndProject
Global
	GlobalSection(SolutionConfigurationPlatforms) = preSolution
		Debug|Any CPU = Debug|Any CPU
		Release|Any CPU = Release|Any CPU
	EndGlobalSection
	GlobalSection(ProjectConfigurationPlatforms) = postSolution
		{575F3520-57EF-4BF5-9307-80C3E33BA483}.Debug|Any CPU.ActiveCfg = Debug|Any CPU
		{575F3520-57EF-4BF5-9307-80C3E33BA483}.Debug|Any CPU.Build.0 = Debug|Any CPU
		{575F3520-57EF-4BF5-9307-80C3E33BA483}.Release|Any CPU.ActiveCfg = Release|Any CPU
		{575F3520-57EF-4BF5-9307-80C3E33BA483}.Release|Any CPU.Build.0 = Release|Any CPU
	EndGlobalSection
	GlobalSection(SolutionProperties) = preSolution
		HideSolutionNode = FALSE
	EndGlobalSection
	GlobalSection(ExtensibilityGlobals) = postSolution
		SolutionGuid = {364CDEF6-0641-4D6D-B88F-1FFCAF70D3F9}
	EndGlobalSection
EndGlobal
